
Microsoft Visual Studio Solution File, Format Version 12.00
# Visual Studio Version 17
VisualStudioVersion = 17.0.32126.317
MinimumVisualStudioVersion = 10.0.40219.1
Project("{9A19103F-16F7-4668-BE54-9A1E7A4F7556}") = "1-Lesson-Hamlet", "1-Lesson-Hamlet\1-Lesson-Hamlet.csproj", "{F7671A0E-4750-4F40-8FCB-DEAD61C1F3DA}"
EndProject
Project("{9A19103F-16F7-4668-BE54-9A1E7A4F7556}") = "DataType", "DataType\DataType.csproj", "{47604057-64F0-4906-AFCC-9678CC248EC4}"
EndProject
Project("{9A19103F-16F7-4668-BE54-9A1E7A4F7556}") = "4-Loops", "4-Loops\4-Loops.csproj", "{CAACD935-1886-4014-80CD-FF9761C7D601}"
EndProject
Project("{9A19103F-16F7-4668-BE54-9A1E7A4F7556}") = "5-Arrays", "5-Arrays\5-Arrays.csproj", "{03919507-BA2F-4CCF-987A-63902CF24CB5}"
EndProject
Project("{FAE04EC0-301F-11D3-BF4B-00C04F79EFBC}") = "8-Methods", "8-Methods\8-Methods.csproj", "{D6AC29A1-C503-418A-AA48-6CFBF8BB7861}"
EndProject
Global
	GlobalSection(SolutionConfigurationPlatforms) = preSolution
		Debug|Any CPU = Debug|Any CPU
		Release|Any CPU = Release|Any CPU
	EndGlobalSection
	GlobalSection(ProjectConfigurationPlatforms) = postSolution
		{F7671A0E-4750-4F40-8FCB-DEAD61C1F3DA}.Debug|Any CPU.ActiveCfg = Debug|Any CPU
		{F7671A0E-4750-4F40-8FCB-DEAD61C1F3DA}.Debug|Any CPU.Build.0 = Debug|Any CPU
		{F7671A0E-4750-4F40-8FCB-DEAD61C1F3DA}.Release|Any CPU.ActiveCfg = Release|Any CPU
		{F7671A0E-4750-4F40-8FCB-DEAD61C1F3DA}.Release|Any CPU.Build.0 = Release|Any CPU
		{47604057-64F0-4906-AFCC-9678CC248EC4}.Debug|Any CPU.ActiveCfg = Debug|Any CPU
		{47604057-64F0-4906-AFCC-9678CC248EC4}.Debug|Any CPU.Build.0 = Debug|Any CPU
		{47604057-64F0-4906-AFCC-9678CC248EC4}.Release|Any CPU.ActiveCfg = Release|Any CPU
		{47604057-64F0-4906-AFCC-9678CC248EC4}.Release|Any CPU.Build.0 = Release|Any CPU
		{CAACD935-1886-4014-80CD-FF9761C7D601}.Debug|Any CPU.ActiveCfg = Debug|Any CPU
		{CAACD935-1886-4014-80CD-FF9761C7D601}.Debug|Any CPU.Build.0 = Debug|Any CPU
		{CAACD935-1886-4014-80CD-FF9761C7D601}.Release|Any CPU.ActiveCfg = Release|Any CPU
		{CAACD935-1886-4014-80CD-FF9761C7D601}.Release|Any CPU.Build.0 = Release|Any CPU
		{03919507-BA2F-4CCF-987A-63902CF24CB5}.Debug|Any CPU.ActiveCfg = Debug|Any CPU
		{03919507-BA2F-4CCF-987A-63902CF24CB5}.Debug|Any CPU.Build.0 = Debug|Any CPU
		{03919507-BA2F-4CCF-987A-63902CF24CB5}.Release|Any CPU.ActiveCfg = Release|Any CPU
		{03919507-BA2F-4CCF-987A-63902CF24CB5}.Release|Any CPU.Build.0 = Release|Any CPU
		{D6AC29A1-C503-418A-AA48-6CFBF8BB7861}.Debug|Any CPU.ActiveCfg = Debug|Any CPU
		{D6AC29A1-C503-418A-AA48-6CFBF8BB7861}.Debug|Any CPU.Build.0 = Debug|Any CPU
		{D6AC29A1-C503-418A-AA48-6CFBF8BB7861}.Release|Any CPU.ActiveCfg = Release|Any CPU
		{D6AC29A1-C503-418A-AA48-6CFBF8BB7861}.Release|Any CPU.Build.0 = Release|Any CPU
	EndGlobalSection
	GlobalSection(SolutionProperties) = preSolution
		HideSolutionNode = FALSE
	EndGlobalSection
	GlobalSection(ExtensibilityGlobals) = postSolution
		SolutionGuid = {9D6CA887-625C-4AF5-9468-7E08EDD43BEA}
	EndGlobalSection
EndGlobal
